
Microsoft Visual Studio Solution File, Format Version 12.00
# Visual Studio 15
VisualStudioVersion = 15.0.28307.960
MinimumVisualStudioVersion = 10.0.40219.1
Project("{FAE04EC0-301F-11D3-BF4B-00C04F79EFBC}") = "IronPDF_Ex", "IronPDF_Ex\IronPDF_Ex.csproj", "{BF3DFBA1-EF2F-44E3-B3C1-B541FD2EAA77}"
EndProject
Global
	GlobalSection(SolutionConfigurationPlatforms) = preSolution
		Debug|Any CPU = Debug|Any CPU
		Release|Any CPU = Release|Any CPU
	EndGlobalSection
	GlobalSection(ProjectConfigurationPlatforms) = postSolution
		{BF3DFBA1-EF2F-44E3-B3C1-B541FD2EAA77}.Debug|Any CPU.ActiveCfg = Debug|Any CPU
		{BF3DFBA1-EF2F-44E3-B3C1-B541FD2EAA77}.Debug|Any CPU.Build.0 = Debug|Any CPU
		{BF3DFBA1-EF2F-44E3-B3C1-B541FD2EAA77}.Release|Any CPU.ActiveCfg = Release|Any CPU
		{BF3DFBA1-EF2F-44E3-B3C1-B541FD2EAA77}.Release|Any CPU.Build.0 = Release|Any CPU
	EndGlobalSection
	GlobalSection(SolutionProperties) = preSolution
		HideSolutionNode = FALSE
	EndGlobalSection
	GlobalSection(ExtensibilityGlobals) = postSolution
		SolutionGuid = {889565CF-B36D-44DF-997F-ADA5661AA0FA}
	EndGlobalSection
EndGlobal
