
Microsoft Visual Studio Solution File, Format Version 12.00
# Visual Studio Version 16
VisualStudioVersion = 16.0.29613.14
MinimumVisualStudioVersion = 10.0.40219.1
Project("{9A19103F-16F7-4668-BE54-9A1E7A4F7556}") = "ConvertUrlToPdf", "ConvertUrlToPdf\ConvertUrlToPdf.csproj", "{12EF6A1B-0CCF-4B85-937A-A40E078B9B5A}"
EndProject
Project("{FAE04EC0-301F-11D3-BF4B-00C04F79EFBC}") = "TicketsApps", "TicketsApps\TicketsApps.csproj", "{E602C66C-B515-4B49-B6F6-6DE6006A9BDC}"
EndProject
Global
	GlobalSection(SolutionConfigurationPlatforms) = preSolution
		Debug|Any CPU = Debug|Any CPU
		Release|Any CPU = Release|Any CPU
	EndGlobalSection
	GlobalSection(ProjectConfigurationPlatforms) = postSolution
		{12EF6A1B-0CCF-4B85-937A-A40E078B9B5A}.Debug|Any CPU.ActiveCfg = Debug|Any CPU
		{12EF6A1B-0CCF-4B85-937A-A40E078B9B5A}.Debug|Any CPU.Build.0 = Debug|Any CPU
		{12EF6A1B-0CCF-4B85-937A-A40E078B9B5A}.Release|Any CPU.ActiveCfg = Release|Any CPU
		{12EF6A1B-0CCF-4B85-937A-A40E078B9B5A}.Release|Any CPU.Build.0 = Release|Any CPU
		{E602C66C-B515-4B49-B6F6-6DE6006A9BDC}.Debug|Any CPU.ActiveCfg = Debug|Any CPU
		{E602C66C-B515-4B49-B6F6-6DE6006A9BDC}.Debug|Any CPU.Build.0 = Debug|Any CPU
		{E602C66C-B515-4B49-B6F6-6DE6006A9BDC}.Release|Any CPU.ActiveCfg = Release|Any CPU
		{E602C66C-B515-4B49-B6F6-6DE6006A9BDC}.Release|Any CPU.Build.0 = Release|Any CPU
	EndGlobalSection
	GlobalSection(SolutionProperties) = preSolution
		HideSolutionNode = FALSE
	EndGlobalSection
	GlobalSection(ExtensibilityGlobals) = postSolution
		SolutionGuid = {E24802C8-8B78-4421-9FBB-920766CD4489}
	EndGlobalSection
EndGlobal
